
Microsoft Visual Studio Solution File, Format Version 12.00
# Visual Studio Version 17
VisualStudioVersion = 17.14.36414.22
MinimumVisualStudioVersion = 10.0.40219.1
Project("{FAE04EC0-301F-11D3-BF4B-00C04F79EFBC}") = "PDFBookmarks", "PDFBookmarks\PDFBookmarks.csproj", "{041ADD95-9B76-4FB9-913F-F46CE03A033D}"
EndProject
Global
	GlobalSection(SolutionConfigurationPlatforms) = preSolution
		Debug|Any CPU = Debug|Any CPU
		Debug|ARM64 = Debug|ARM64
		Debug|x64 = Debug|x64
		Release|Any CPU = Release|Any CPU
		Release|ARM64 = Release|ARM64
		Release|x64 = Release|x64
	EndGlobalSection
	GlobalSection(ProjectConfigurationPlatforms) = postSolution
		{041ADD95-9B76-4FB9-913F-F46CE03A033D}.Debug|Any CPU.ActiveCfg = Debug|Any CPU
		{041ADD95-9B76-4FB9-913F-F46CE03A033D}.Debug|Any CPU.Build.0 = Debug|Any CPU
		{041ADD95-9B76-4FB9-913F-F46CE03A033D}.Debug|ARM64.ActiveCfg = Debug|Any CPU
		{041ADD95-9B76-4FB9-913F-F46CE03A033D}.Debug|ARM64.Build.0 = Debug|Any CPU
		{041ADD95-9B76-4FB9-913F-F46CE03A033D}.Debug|x64.ActiveCfg = Debug|Any CPU
		{041ADD95-9B76-4FB9-913F-F46CE03A033D}.Release|Any CPU.ActiveCfg = Release|Any CPU
		{041ADD95-9B76-4FB9-913F-F46CE03A033D}.Release|Any CPU.Build.0 = Release|Any CPU
		{041ADD95-9B76-4FB9-913F-F46CE03A033D}.Release|ARM64.ActiveCfg = Release|ARM64
		{041ADD95-9B76-4FB9-913F-F46CE03A033D}.Release|ARM64.Build.0 = Release|ARM64
		{041ADD95-9B76-4FB9-913F-F46CE03A033D}.Release|x64.ActiveCfg = Release|Any CPU
	EndGlobalSection
	GlobalSection(SolutionProperties) = preSolution
		HideSolutionNode = FALSE
	EndGlobalSection
	GlobalSection(ExtensibilityGlobals) = postSolution
		SolutionGuid = {FB72EB36-E904-406D-9CD4-1D6CCF104CC7}
	EndGlobalSection
EndGlobal
